// !$*UTF8*$!
{
	archiveVersion = 1;
	classes = {
	};
	objectVersion = 51;
	objects = {

/* Begin PBXBuildFile section */
		0C1CC78199CED0E2BBFFA990 /* Pods_pndemo.framework in Frameworks */ = {isa = PBXBuildFile; fileRef = 5B6FA50A1C21805198637AE3 /* Pods_pndemo.framework */; };
		4BC0030C0E1E1223C66D868C /* Pods_pndemo_pndemoUITests.framework in Frameworks */ = {isa = PBXBuildFile; fileRef = 5223B7EAF784387AF29B6CE7 /* Pods_pndemo_pndemoUITests.framework */; };
		6B4F62E32379526600894001 /* AppDelegate.swift in Sources */ = {isa = PBXBuildFile; fileRef = 6B4F62E22379526600894001 /* AppDelegate.swift */; };
		6B4F62E52379526600894001 /* SceneDelegate.swift in Sources */ = {isa = PBXBuildFile; fileRef = 6B4F62E42379526600894001 /* SceneDelegate.swift */; };
		6B4F62E72379526600894001 /* ViewController.swift in Sources */ = {isa = PBXBuildFile; fileRef = 6B4F62E62379526600894001 /* ViewController.swift */; };
		6B4F62EA2379526600894001 /* Main.storyboard in Resources */ = {isa = PBXBuildFile; fileRef = 6B4F62E82379526600894001 /* Main.storyboard */; };
		6B4F62EC2379526C00894001 /* Assets.xcassets in Resources */ = {isa = PBXBuildFile; fileRef = 6B4F62EB2379526C00894001 /* Assets.xcassets */; };
		6B4F62EF2379526C00894001 /* LaunchScreen.storyboard in Resources */ = {isa = PBXBuildFile; fileRef = 6B4F62ED2379526C00894001 /* LaunchScreen.storyboard */; };
		6B4F62FA2379526C00894001 /* pndemoTests.swift in Sources */ = {isa = PBXBuildFile; fileRef = 6B4F62F92379526C00894001 /* pndemoTests.swift */; };
		6B4F63052379526C00894001 /* pndemoUITests.swift in Sources */ = {isa = PBXBuildFile; fileRef = 6B4F63042379526C00894001 /* pndemoUITests.swift */; };
		D2DA68BBD4DA29B06882E46F /* Pods_pndemoTests.framework in Frameworks */ = {isa = PBXBuildFile; fileRef = 5F0FF13FFE4D44C29D5F03E9 /* Pods_pndemoTests.framework */; };
/* End PBXBuildFile section */

/* Begin PBXContainerItemProxy section */
		6B4F62F62379526C00894001 /* PBXContainerItemProxy */ = {
			isa = PBXContainerItemProxy;
			containerPortal = 6B4F62D72379526600894001 /* Project object */;
			proxyType = 1;
			remoteGlobalIDString = 6B4F62DE2379526600894001;
			remoteInfo = pndemo;
		};
		6B4F63012379526C00894001 /* PBXContainerItemProxy */ = {
			isa = PBXContainerItemProxy;
			containerPortal = 6B4F62D72379526600894001 /* Project object */;
			proxyType = 1;
			remoteGlobalIDString = 6B4F62DE2379526600894001;
			remoteInfo = pndemo;
		};
/* End PBXContainerItemProxy section */

/* Begin PBXFileReference section */
		243157F846484746949D4DDC /* Pods-pndemo.debug.xcconfig */ = {isa = PBXFileReference; includeInIndex = 1; lastKnownFileType = text.xcconfig; name = "Pods-pndemo.debug.xcconfig"; path = "Target Support Files/Pods-pndemo/Pods-pndemo.debug.xcconfig"; sourceTree = "<group>"; };
		42253EA460FAA1F44F0276FE /* Pods-pndemoTests.release.xcconfig */ = {isa = PBXFileReference; includeInIndex = 1; lastKnownFileType = text.xcconfig; name = "Pods-pndemoTests.release.xcconfig"; path = "Target Support Files/Pods-pndemoTests/Pods-pndemoTests.release.xcconfig"; sourceTree = "<group>"; };
		5223B7EAF784387AF29B6CE7 /* Pods_pndemo_pndemoUITests.framework */ = {isa = PBXFileReference; explicitFileType = wrapper.framework; includeInIndex = 0; path = Pods_pndemo_pndemoUITests.framework; sourceTree = BUILT_PRODUCTS_DIR; };
		5B6FA50A1C21805198637AE3 /* Pods_pndemo.framework */ = {isa = PBXFileReference; explicitFileType = wrapper.framework; includeInIndex = 0; path = Pods_pndemo.framework; sourceTree = BUILT_PRODUCTS_DIR; };
		5E696246D35D9AFA4F425132 /* Pods-pndemo.release.xcconfig */ = {isa = PBXFileReference; includeInIndex = 1; lastKnownFileType = text.xcconfig; name = "Pods-pndemo.release.xcconfig"; path = "Target Support Files/Pods-pndemo/Pods-pndemo.release.xcconfig"; sourceTree = "<group>"; };
		5F0FF13FFE4D44C29D5F03E9 /* Pods_pndemoTests.framework */ = {isa = PBXFileReference; explicitFileType = wrapper.framework; includeInIndex = 0; path = Pods_pndemoTests.framework; sourceTree = BUILT_PRODUCTS_DIR; };
		6B4F62DF2379526600894001 /* pndemo.app */ = {isa = PBXFileReference; explicitFileType = wrapper.application; includeInIndex = 0; path = pndemo.app; sourceTree = BUILT_PRODUCTS_DIR; };
		6B4F62E22379526600894001 /* AppDelegate.swift */ = {isa = PBXFileReference; lastKnownFileType = sourcecode.swift; path = AppDelegate.swift; sourceTree = "<group>"; };
		6B4F62E42379526600894001 /* SceneDelegate.swift */ = {isa = PBXFileReference; lastKnownFileType = sourcecode.swift; path = SceneDelegate.swift; sourceTree = "<group>"; };
		6B4F62E62379526600894001 /* ViewController.swift */ = {isa = PBXFileReference; lastKnownFileType = sourcecode.swift; path = ViewController.swift; sourceTree = "<group>"; };
		6B4F62E92379526600894001 /* Base */ = {isa = PBXFileReference; lastKnownFileType = file.storyboard; name = Base; path = Base.lproj/Main.storyboard; sourceTree = "<group>"; };
		6B4F62EB2379526C00894001 /* Assets.xcassets */ = {isa = PBXFileReference; lastKnownFileType = folder.assetcatalog; path = Assets.xcassets; sourceTree = "<group>"; };
		6B4F62EE2379526C00894001 /* Base */ = {isa = PBXFileReference; lastKnownFileType = file.storyboard; name = Base; path = Base.lproj/LaunchScreen.storyboard; sourceTree = "<group>"; };
		6B4F62F02379526C00894001 /* Info.plist */ = {isa = PBXFileReference; lastKnownFileType = text.plist.xml; path = Info.plist; sourceTree = "<group>"; };
		6B4F62F52379526C00894001 /* pndemoTests.xctest */ = {isa = PBXFileReference; explicitFileType = wrapper.cfbundle; includeInIndex = 0; path = pndemoTests.xctest; sourceTree = BUILT_PRODUCTS_DIR; };
		6B4F62F92379526C00894001 /* pndemoTests.swift */ = {isa = PBXFileReference; lastKnownFileType = sourcecode.swift; path = pndemoTests.swift; sourceTree = "<group>"; };
		6B4F62FB2379526C00894001 /* Info.plist */ = {isa = PBXFileReference; lastKnownFileType = text.plist.xml; path = Info.plist; sourceTree = "<group>"; };
		6B4F63002379526C00894001 /* pndemoUITests.xctest */ = {isa = PBXFileReference; explicitFileType = wrapper.cfbundle; includeInIndex = 0; path = pndemoUITests.xctest; sourceTree = BUILT_PRODUCTS_DIR; };
		6B4F63042379526C00894001 /* pndemoUITests.swift */ = {isa = PBXFileReference; lastKnownFileType = sourcecode.swift; path = pndemoUITests.swift; sourceTree = "<group>"; };
		6B4F63062379526C00894001 /* Info.plist */ = {isa = PBXFileReference; lastKnownFileType = text.plist.xml; path = Info.plist; sourceTree = "<group>"; };
		6B4F6312237952D000894001 /* pndemo.entitlements */ = {isa = PBXFileReference; lastKnownFileType = text.plist.entitlements; path = pndemo.entitlements; sourceTree = "<group>"; };
		A765AB66640F698EA8171BE4 /* Pods-pndemoTests.debug.xcconfig */ = {isa = PBXFileReference; includeInIndex = 1; lastKnownFileType = text.xcconfig; name = "Pods-pndemoTests.debug.xcconfig"; path = "Target Support Files/Pods-pndemoTests/Pods-pndemoTests.debug.xcconfig"; sourceTree = "<group>"; };
		C2EC294C484B821A020A4B9A /* Pods-pndemo-pndemoUITests.release.xcconfig */ = {isa = PBXFileReference; includeInIndex = 1; lastKnownFileType = text.xcconfig; name = "Pods-pndemo-pndemoUITests.release.xcconfig"; path = "Target Support Files/Pods-pndemo-pndemoUITests/Pods-pndemo-pndemoUITests.release.xcconfig"; sourceTree = "<group>"; };
		E6EA85C37486A2D70F6E6B9F /* Pods-pndemo-pndemoUITests.debug.xcconfig */ = {isa = PBXFileReference; includeInIndex = 1; lastKnownFileType = text.xcconfig; name = "Pods-pndemo-pndemoUITests.debug.xcconfig"; path = "Target Support Files/Pods-pndemo-pndemoUITests/Pods-pndemo-pndemoUITests.debug.xcconfig"; sourceTree = "<group>"; };
/* End PBXFileReference section */

/* Begin PBXFrameworksBuildPhase section */
		6B4F62DC2379526600894001 /* Frameworks */ = {
			isa = PBXFrameworksBuildPhase;
			buildActionMask = 2147483647;
			files = (
				0C1CC78199CED0E2BBFFA990 /* Pods_pndemo.framework in Frameworks */,
			);
			runOnlyForDeploymentPostprocessing = 0;
		};
		6B4F62F22379526C00894001 /* Frameworks */ = {
			isa = PBXFrameworksBuildPhase;
			buildActionMask = 2147483647;
			files = (
				D2DA68BBD4DA29B06882E46F /* Pods_pndemoTests.framework in Frameworks */,
			);
			runOnlyForDeploymentPostprocessing = 0;
		};
		6B4F62FD2379526C00894001 /* Frameworks */ = {
			isa = PBXFrameworksBuildPhase;
			buildActionMask = 2147483647;
			files = (
				4BC0030C0E1E1223C66D868C /* Pods_pndemo_pndemoUITests.framework in Frameworks */,
			);
			runOnlyForDeploymentPostprocessing = 0;
		};
/* End PBXFrameworksBuildPhase section */

/* Begin PBXGroup section */
		51911664C5CC568891491873 /* Frameworks */ = {
			isa = PBXGroup;
			children = (
				5B6FA50A1C21805198637AE3 /* Pods_pndemo.framework */,
				5223B7EAF784387AF29B6CE7 /* Pods_pndemo_pndemoUITests.framework */,
				5F0FF13FFE4D44C29D5F03E9 /* Pods_pndemoTests.framework */,
			);
			name = Frameworks;
			sourceTree = "<group>";
		};
		6B4F62D62379526600894001 = {
			isa = PBXGroup;
			children = (
				6B4F62E12379526600894001 /* pndemo */,
				6B4F62F82379526C00894001 /* pndemoTests */,
				6B4F63032379526C00894001 /* pndemoUITests */,
				6B4F62E02379526600894001 /* Products */,
				978BD100A006DAB032B21934 /* Pods */,
				51911664C5CC568891491873 /* Frameworks */,
			);
			sourceTree = "<group>";
		};
		6B4F62E02379526600894001 /* Products */ = {
			isa = PBXGroup;
			children = (
				6B4F62DF2379526600894001 /* pndemo.app */,
				6B4F62F52379526C00894001 /* pndemoTests.xctest */,
				6B4F63002379526C00894001 /* pndemoUITests.xctest */,
			);
			name = Products;
			sourceTree = "<group>";
		};
		6B4F62E12379526600894001 /* pndemo */ = {
			isa = PBXGroup;
			children = (
				6B4F6312237952D000894001 /* pndemo.entitlements */,
				6B4F62E22379526600894001 /* AppDelegate.swift */,
				6B4F62E42379526600894001 /* SceneDelegate.swift */,
				6B4F62E62379526600894001 /* ViewController.swift */,
				6B4F62E82379526600894001 /* Main.storyboard */,
				6B4F62EB2379526C00894001 /* Assets.xcassets */,
				6B4F62ED2379526C00894001 /* LaunchScreen.storyboard */,
				6B4F62F02379526C00894001 /* Info.plist */,
			);
			path = pndemo;
			sourceTree = "<group>";
		};
		6B4F62F82379526C00894001 /* pndemoTests */ = {
			isa = PBXGroup;
			children = (
				6B4F62F92379526C00894001 /* pndemoTests.swift */,
				6B4F62FB2379526C00894001 /* Info.plist */,
			);
			path = pndemoTests;
			sourceTree = "<group>";
		};
		6B4F63032379526C00894001 /* pndemoUITests */ = {
			isa = PBXGroup;
			children = (
				6B4F63042379526C00894001 /* pndemoUITests.swift */,
				6B4F63062379526C00894001 /* Info.plist */,
			);
			path = pndemoUITests;
			sourceTree = "<group>";
		};
		978BD100A006DAB032B21934 /* Pods */ = {
			isa = PBXGroup;
			children = (
				243157F846484746949D4DDC /* Pods-pndemo.debug.xcconfig */,
				5E696246D35D9AFA4F425132 /* Pods-pndemo.release.xcconfig */,
				E6EA85C37486A2D70F6E6B9F /* Pods-pndemo-pndemoUITests.debug.xcconfig */,
				C2EC294C484B821A020A4B9A /* Pods-pndemo-pndemoUITests.release.xcconfig */,
				A765AB66640F698EA8171BE4 /* Pods-pndemoTests.debug.xcconfig */,
				42253EA460FAA1F44F0276FE /* Pods-pndemoTests.release.xcconfig */,
			);
			path = Pods;
			sourceTree = "<group>";
		};
/* End PBXGroup section */

/* Begin PBXNativeTarget section */
		6B4F62DE2379526600894001 /* pndemo */ = {
			isa = PBXNativeTarget;
			buildConfigurationList = 6B4F63092379526C00894001 /* Build configuration list for PBXNativeTarget "pndemo" */;
			buildPhases = (
				48543DDD9A6F6B606502BC4E /* [CP] Check Pods Manifest.lock */,
				6B4F62DB2379526600894001 /* Sources */,
				6B4F62DC2379526600894001 /* Frameworks */,
				6B4F62DD2379526600894001 /* Resources */,
				DD16E8C2D34A72260FF54795 /* [CP] Embed Pods Frameworks */,
				3D85EA8481ECB64806CE0593 /* [CP] Copy Pods Resources */,
			);
			buildRules = (
			);
			dependencies = (
			);
			name = pndemo;
			productName = pndemo;
			productReference = 6B4F62DF2379526600894001 /* pndemo.app */;
			productType = "com.apple.product-type.application";
		};
		6B4F62F42379526C00894001 /* pndemoTests */ = {
			isa = PBXNativeTarget;
			buildConfigurationList = 6B4F630C2379526C00894001 /* Build configuration list for PBXNativeTarget "pndemoTests" */;
			buildPhases = (
				F23948AB6E7E16FC4F3A5E9B /* [CP] Check Pods Manifest.lock */,
				6B4F62F12379526C00894001 /* Sources */,
				6B4F62F22379526C00894001 /* Frameworks */,
				6B4F62F32379526C00894001 /* Resources */,
			);
			buildRules = (
			);
			dependencies = (
				6B4F62F72379526C00894001 /* PBXTargetDependency */,
			);
			name = pndemoTests;
			productName = pndemoTests;
			productReference = 6B4F62F52379526C00894001 /* pndemoTests.xctest */;
			productType = "com.apple.product-type.bundle.unit-test";
		};
		6B4F62FF2379526C00894001 /* pndemoUITests */ = {
			isa = PBXNativeTarget;
			buildConfigurationList = 6B4F630F2379526C00894001 /* Build configuration list for PBXNativeTarget "pndemoUITests" */;
			buildPhases = (
				E42C43AEF7BF27ACE447B4BF /* [CP] Check Pods Manifest.lock */,
				6B4F62FC2379526C00894001 /* Sources */,
				6B4F62FD2379526C00894001 /* Frameworks */,
				6B4F62FE2379526C00894001 /* Resources */,
				5987C3B63BA6AAA9C46C4C85 /* [CP] Embed Pods Frameworks */,
				582E46943F3EF647E2419125 /* [CP] Copy Pods Resources */,
			);
			buildRules = (
			);
			dependencies = (
				6B4F63022379526C00894001 /* PBXTargetDependency */,
			);
			name = pndemoUITests;
			productName = pndemoUITests;
			productReference = 6B4F63002379526C00894001 /* pndemoUITests.xctest */;
			productType = "com.apple.product-type.bundle.ui-testing";
		};
/* End PBXNativeTarget section */

/* Begin PBXProject section */
		6B4F62D72379526600894001 /* Project object */ = {
			isa = PBXProject;
			attributes = {
				LastSwiftUpdateCheck = 1100;
				LastUpgradeCheck = 1100;
				ORGANIZATIONNAME = "KUO Chin Wei";
				TargetAttributes = {
					6B4F62DE2379526600894001 = {
						CreatedOnToolsVersion = 11.0;
					};
					6B4F62F42379526C00894001 = {
						CreatedOnToolsVersion = 11.0;
						TestTargetID = 6B4F62DE2379526600894001;
					};
					6B4F62FF2379526C00894001 = {
						CreatedOnToolsVersion = 11.0;
						TestTargetID = 6B4F62DE2379526600894001;
					};
				};
			};
			buildConfigurationList = 6B4F62DA2379526600894001 /* Build configuration list for PBXProject "pndemo" */;
			compatibilityVersion = "Xcode 9.3";
			developmentRegion = en;
			hasScannedForEncodings = 0;
			knownRegions = (
				en,
				Base,
			);
			mainGroup = 6B4F62D62379526600894001;
			productRefGroup = 6B4F62E02379526600894001 /* Products */;
			projectDirPath = "";
			projectRoot = "";
			targets = (
				6B4F62DE2379526600894001 /* pndemo */,
				6B4F62F42379526C00894001 /* pndemoTests */,
				6B4F62FF2379526C00894001 /* pndemoUITests */,
			);
		};
/* End PBXProject section */

/* Begin PBXResourcesBuildPhase section */
		6B4F62DD2379526600894001 /* Resources */ = {
			isa = PBXResourcesBuildPhase;
			buildActionMask = 2147483647;
			files = (
				6B4F62EF2379526C00894001 /* LaunchScreen.storyboard in Resources */,
				6B4F62EC2379526C00894001 /* Assets.xcassets in Resources */,
				6B4F62EA2379526600894001 /* Main.storyboard in Resources */,
			);
			runOnlyForDeploymentPostprocessing = 0;
		};
		6B4F62F32379526C00894001 /* Resources */ = {
			isa = PBXResourcesBuildPhase;
			buildActionMask = 2147483647;
			files = (
			);
			runOnlyForDeploymentPostprocessing = 0;
		};
		6B4F62FE2379526C00894001 /* Resources */ = {
			isa = PBXResourcesBuildPhase;
			buildActionMask = 2147483647;
			files = (
			);
			runOnlyForDeploymentPostprocessing = 0;
		};
/* End PBXResourcesBuildPhase section */

/* Begin PBXShellScriptBuildPhase section */
		3D85EA8481ECB64806CE0593 /* [CP] Copy Pods Resources */ = {
			isa = PBXShellScriptBuildPhase;
			buildActionMask = 2147483647;
			files = (
			);
			inputFileListPaths = (
				"${PODS_ROOT}/Target Support Files/Pods-pndemo/Pods-pndemo-resources-${CONFIGURATION}-input-files.xcfilelist",
			);
			name = "[CP] Copy Pods Resources";
			outputFileListPaths = (
				"${PODS_ROOT}/Target Support Files/Pods-pndemo/Pods-pndemo-resources-${CONFIGURATION}-output-files.xcfilelist",
			);
			runOnlyForDeploymentPostprocessing = 0;
			shellPath = /bin/sh;
			shellScript = "\"${PODS_ROOT}/Target Support Files/Pods-pndemo/Pods-pndemo-resources.sh\"\n";
			showEnvVarsInLog = 0;
		};
		48543DDD9A6F6B606502BC4E /* [CP] Check Pods Manifest.lock */ = {
			isa = PBXShellScriptBuildPhase;
			buildActionMask = 2147483647;
			files = (
			);
			inputFileListPaths = (
			);
			inputPaths = (
				"${PODS_PODFILE_DIR_PATH}/Podfile.lock",
				"${PODS_ROOT}/Manifest.lock",
			);
			name = "[CP] Check Pods Manifest.lock";
			outputFileListPaths = (
			);
			outputPaths = (
				"$(DERIVED_FILE_DIR)/Pods-pndemo-checkManifestLockResult.txt",
			);
			runOnlyForDeploymentPostprocessing = 0;
			shellPath = /bin/sh;
			shellScript = "diff \"${PODS_PODFILE_DIR_PATH}/Podfile.lock\" \"${PODS_ROOT}/Manifest.lock\" > /dev/null\nif [ $? != 0 ] ; then\n    # print error to STDERR\n    echo \"error: The sandbox is not in sync with the Podfile.lock. Run 'pod install' or update your CocoaPods installation.\" >&2\n    exit 1\nfi\n# This output is used by Xcode 'outputs' to avoid re-running this script phase.\necho \"SUCCESS\" > \"${SCRIPT_OUTPUT_FILE_0}\"\n";
			showEnvVarsInLog = 0;
		};
		582E46943F3EF647E2419125 /* [CP] Copy Pods Resources */ = {
			isa = PBXShellScriptBuildPhase;
			buildActionMask = 2147483647;
			files = (
			);
			inputFileListPaths = (
				"${PODS_ROOT}/Target Support Files/Pods-pndemo-pndemoUITests/Pods-pndemo-pndemoUITests-resources-${CONFIGURATION}-input-files.xcfilelist",
			);
			name = "[CP] Copy Pods Resources";
			outputFileListPaths = (
				"${PODS_ROOT}/Target Support Files/Pods-pndemo-pndemoUITests/Pods-pndemo-pndemoUITests-resources-${CONFIGURATION}-output-files.xcfilelist",
			);
			runOnlyForDeploymentPostprocessing = 0;
			shellPath = /bin/sh;
			shellScript = "\"${PODS_ROOT}/Target Support Files/Pods-pndemo-pndemoUITests/Pods-pndemo-pndemoUITests-resources.sh\"\n";
			showEnvVarsInLog = 0;
		};
		5987C3B63BA6AAA9C46C4C85 /* [CP] Embed Pods Frameworks */ = {
			isa = PBXShellScriptBuildPhase;
			buildActionMask = 2147483647;
			files = (
			);
			inputFileListPaths = (
				"${PODS_ROOT}/Target Support Files/Pods-pndemo-pndemoUITests/Pods-pndemo-pndemoUITests-frameworks-${CONFIGURATION}-input-files.xcfilelist",
			);
			name = "[CP] Embed Pods Frameworks";
			outputFileListPaths = (
				"${PODS_ROOT}/Target Support Files/Pods-pndemo-pndemoUITests/Pods-pndemo-pndemoUITests-frameworks-${CONFIGURATION}-output-files.xcfilelist",
			);
			runOnlyForDeploymentPostprocessing = 0;
			shellPath = /bin/sh;
			shellScript = "\"${PODS_ROOT}/Target Support Files/Pods-pndemo-pndemoUITests/Pods-pndemo-pndemoUITests-frameworks.sh\"\n";
			showEnvVarsInLog = 0;
		};
		DD16E8C2D34A72260FF54795 /* [CP] Embed Pods Frameworks */ = {
			isa = PBXShellScriptBuildPhase;
			buildActionMask = 2147483647;
			files = (
			);
			inputFileListPaths = (
				"${PODS_ROOT}/Target Support Files/Pods-pndemo/Pods-pndemo-frameworks-${CONFIGURATION}-input-files.xcfilelist",
			);
			name = "[CP] Embed Pods Frameworks";
			outputFileListPaths = (
				"${PODS_ROOT}/Target Support Files/Pods-pndemo/Pods-pndemo-frameworks-${CONFIGURATION}-output-files.xcfilelist",
			);
			runOnlyForDeploymentPostprocessing = 0;
			shellPath = /bin/sh;
			shellScript = "\"${PODS_ROOT}/Target Support Files/Pods-pndemo/Pods-pndemo-frameworks.sh\"\n";
			showEnvVarsInLog = 0;
		};
		E42C43AEF7BF27ACE447B4BF /* [CP] Check Pods Manifest.lock */ = {
			isa = PBXShellScriptBuildPhase;
			buildActionMask = 2147483647;
			files = (
			);
			inputFileListPaths = (
			);
			inputPaths = (
				"${PODS_PODFILE_DIR_PATH}/Podfile.lock",
				"${PODS_ROOT}/Manifest.lock",
			);
			name = "[CP] Check Pods Manifest.lock";
			outputFileListPaths = (
			);
			outputPaths = (
				"$(DERIVED_FILE_DIR)/Pods-pndemo-pndemoUITests-checkManifestLockResult.txt",
			);
			runOnlyForDeploymentPostprocessing = 0;
			shellPath = /bin/sh;
			shellScript = "diff \"${PODS_PODFILE_DIR_PATH}/Podfile.lock\" \"${PODS_ROOT}/Manifest.lock\" > /dev/null\nif [ $? != 0 ] ; then\n    # print error to STDERR\n    echo \"error: The sandbox is not in sync with the Podfile.lock. Run 'pod install' or update your CocoaPods installation.\" >&2\n    exit 1\nfi\n# This output is used by Xcode 'outputs' to avoid re-running this script phase.\necho \"SUCCESS\" > \"${SCRIPT_OUTPUT_FILE_0}\"\n";
			showEnvVarsInLog = 0;
		};
		F23948AB6E7E16FC4F3A5E9B /* [CP] Check Pods Manifest.lock */ = {
			isa = PBXShellScriptBuildPhase;
			buildActionMask = 2147483647;
			files = (
			);
			inputFileListPaths = (
			);
			inputPaths = (
				"${PODS_PODFILE_DIR_PATH}/Podfile.lock",
				"${PODS_ROOT}/Manifest.lock",
			);
			name = "[CP] Check Pods Manifest.lock";
			outputFileListPaths = (
			);
			outputPaths = (
				"$(DERIVED_FILE_DIR)/Pods-pndemoTests-checkManifestLockResult.txt",
			);
			runOnlyForDeploymentPostprocessing = 0;
			shellPath = /bin/sh;
			shellScript = "diff \"${PODS_PODFILE_DIR_PATH}/Podfile.lock\" \"${PODS_ROOT}/Manifest.lock\" > /dev/null\nif [ $? != 0 ] ; then\n    # print error to STDERR\n    echo \"error: The sandbox is not in sync with the Podfile.lock. Run 'pod install' or update your CocoaPods installation.\" >&2\n    exit 1\nfi\n# This output is used by Xcode 'outputs' to avoid re-running this script phase.\necho \"SUCCESS\" > \"${SCRIPT_OUTPUT_FILE_0}\"\n";
			showEnvVarsInLog = 0;
		};
/* End PBXShellScriptBuildPhase section */

/* Begin PBXSourcesBuildPhase section */
		6B4F62DB2379526600894001 /* Sources */ = {
			isa = PBXSourcesBuildPhase;
			buildActionMask = 2147483647;
			files = (
				6B4F62E72379526600894001 /* ViewController.swift in Sources */,
				6B4F62E32379526600894001 /* AppDelegate.swift in Sources */,
				6B4F62E52379526600894001 /* SceneDelegate.swift in Sources */,
			);
			runOnlyForDeploymentPostprocessing = 0;
		};
		6B4F62F12379526C00894001 /* Sources */ = {
			isa = PBXSourcesBuildPhase;
			buildActionMask = 2147483647;
			files = (
				6B4F62FA2379526C00894001 /* pndemoTests.swift in Sources */,
			);
			runOnlyForDeploymentPostprocessing = 0;
		};
		6B4F62FC2379526C00894001 /* Sources */ = {
			isa = PBXSourcesBuildPhase;
			buildActionMask = 2147483647;
			files = (
				6B4F63052379526C00894001 /* pndemoUITests.swift in Sources */,
			);
			runOnlyForDeploymentPostprocessing = 0;
		};
/* End PBXSourcesBuildPhase section */

/* Begin PBXTargetDependency section */
		6B4F62F72379526C00894001 /* PBXTargetDependency */ = {
			isa = PBXTargetDependency;
			target = 6B4F62DE2379526600894001 /* pndemo */;
			targetProxy = 6B4F62F62379526C00894001 /* PBXContainerItemProxy */;
		};
		6B4F63022379526C00894001 /* PBXTargetDependency */ = {
			isa = PBXTargetDependency;
			target = 6B4F62DE2379526600894001 /* pndemo */;
			targetProxy = 6B4F63012379526C00894001 /* PBXContainerItemProxy */;
		};
/* End PBXTargetDependency section */

/* Begin PBXVariantGroup section */
		6B4F62E82379526600894001 /* Main.storyboard */ = {
			isa = PBXVariantGroup;
			children = (
				6B4F62E92379526600894001 /* Base */,
			);
			name = Main.storyboard;
			sourceTree = "<group>";
		};
		6B4F62ED2379526C00894001 /* LaunchScreen.storyboard */ = {
			isa = PBXVariantGroup;
			children = (
				6B4F62EE2379526C00894001 /* Base */,
			);
			name = LaunchScreen.storyboard;
			sourceTree = "<group>";
		};
/* End PBXVariantGroup section */

/* Begin XCBuildConfiguration section */
		6B4F63072379526C00894001 /* Debug */ = {
			isa = XCBuildConfiguration;
			buildSettings = {
				ALWAYS_SEARCH_USER_PATHS = NO;
				CLANG_ANALYZER_NONNULL = YES;
				CLANG_ANALYZER_NUMBER_OBJECT_CONVERSION = YES_AGGRESSIVE;
				CLANG_CXX_LANGUAGE_STANDARD = "gnu++14";
				CLANG_CXX_LIBRARY = "libc++";
				CLANG_ENABLE_MODULES = YES;
				CLANG_ENABLE_OBJC_ARC = YES;
				CLANG_ENABLE_OBJC_WEAK = YES;
				CLANG_WARN_BLOCK_CAPTURE_AUTORELEASING = YES;
				CLANG_WARN_BOOL_CONVERSION = YES;
				CLANG_WARN_COMMA = YES;
				CLANG_WARN_CONSTANT_CONVERSION = YES;
				CLANG_WARN_DEPRECATED_OBJC_IMPLEMENTATIONS = YES;
				CLANG_WARN_DIRECT_OBJC_ISA_USAGE = YES_ERROR;
				CLANG_WARN_DOCUMENTATION_COMMENTS = YES;
				CLANG_WARN_EMPTY_BODY = YES;
				CLANG_WARN_ENUM_CONVERSION = YES;
				CLANG_WARN_INFINITE_RECURSION = YES;
				CLANG_WARN_INT_CONVERSION = YES;
				CLANG_WARN_NON_LITERAL_NULL_CONVERSION = YES;
				CLANG_WARN_OBJC_IMPLICIT_RETAIN_SELF = YES;
				CLANG_WARN_OBJC_LITERAL_CONVERSION = YES;
				CLANG_WARN_OBJC_ROOT_CLASS = YES_ERROR;
				CLANG_WARN_RANGE_LOOP_ANALYSIS = YES;
				CLANG_WARN_STRICT_PROTOTYPES = YES;
				CLANG_WARN_SUSPICIOUS_MOVE = YES;
				CLANG_WARN_UNGUARDED_AVAILABILITY = YES_AGGRESSIVE;
				CLANG_WARN_UNREACHABLE_CODE = YES;
				CLANG_WARN__DUPLICATE_METHOD_MATCH = YES;
				COPY_PHASE_STRIP = NO;
				DEBUG_INFORMATION_FORMAT = dwarf;
				ENABLE_STRICT_OBJC_MSGSEND = YES;
				ENABLE_TESTABILITY = YES;
				GCC_C_LANGUAGE_STANDARD = gnu11;
				GCC_DYNAMIC_NO_PIC = NO;
				GCC_NO_COMMON_BLOCKS = YES;
				GCC_OPTIMIZATION_LEVEL = 0;
				GCC_PREPROCESSOR_DEFINITIONS = (
					"DEBUG=1",
					"$(inherited)",
				);
				GCC_WARN_64_TO_32_BIT_CONVERSION = YES;
				GCC_WARN_ABOUT_RETURN_TYPE = YES_ERROR;
				GCC_WARN_UNDECLARED_SELECTOR = YES;
				GCC_WARN_UNINITIALIZED_AUTOS = YES_AGGRESSIVE;
				GCC_WARN_UNUSED_FUNCTION = YES;
				GCC_WARN_UNUSED_VARIABLE = YES;
				IPHONEOS_DEPLOYMENT_TARGET = 13.0;
				MTL_ENABLE_DEBUG_INFO = INCLUDE_SOURCE;
				MTL_FAST_MATH = YES;
				ONLY_ACTIVE_ARCH = YES;
				SDKROOT = iphoneos;
				SWIFT_ACTIVE_COMPILATION_CONDITIONS = DEBUG;
				SWIFT_OPTIMIZATION_LEVEL = "-Onone";
			};
			name = Debug;
		};
		6B4F63082379526C00894001 /* Release */ = {
			isa = XCBuildConfiguration;
			buildSettings = {
				ALWAYS_SEARCH_USER_PATHS = NO;
				CLANG_ANALYZER_NONNULL = YES;
				CLANG_ANALYZER_NUMBER_OBJECT_CONVERSION = YES_AGGRESSIVE;
				CLANG_CXX_LANGUAGE_STANDARD = "gnu++14";
				CLANG_CXX_LIBRARY = "libc++";
				CLANG_ENABLE_MODULES = YES;
				CLANG_ENABLE_OBJC_ARC = YES;
				CLANG_ENABLE_OBJC_WEAK = YES;
				CLANG_WARN_BLOCK_CAPTURE_AUTORELEASING = YES;
				CLANG_WARN_BOOL_CONVERSION = YES;
				CLANG_WARN_COMMA = YES;
				CLANG_WARN_CONSTANT_CONVERSION = YES;
				CLANG_WARN_DEPRECATED_OBJC_IMPLEMENTATIONS = YES;
				CLANG_WARN_DIRECT_OBJC_ISA_USAGE = YES_ERROR;
				CLANG_WARN_DOCUMENTATION_COMMENTS = YES;
				CLANG_WARN_EMPTY_BODY = YES;
				CLANG_WARN_ENUM_CONVERSION = YES;
				CLANG_WARN_INFINITE_RECURSION = YES;
				CLANG_WARN_INT_CONVERSION = YES;
				CLANG_WARN_NON_LITERAL_NULL_CONVERSION = YES;
				CLANG_WARN_OBJC_IMPLICIT_RETAIN_SELF = YES;
				CLANG_WARN_OBJC_LITERAL_CONVERSION = YES;
				CLANG_WARN_OBJC_ROOT_CLASS = YES_ERROR;
				CLANG_WARN_RANGE_LOOP_ANALYSIS = YES;
				CLANG_WARN_STRICT_PROTOTYPES = YES;
				CLANG_WARN_SUSPICIOUS_MOVE = YES;
				CLANG_WARN_UNGUARDED_AVAILABILITY = YES_AGGRESSIVE;
				CLANG_WARN_UNREACHABLE_CODE = YES;
				CLANG_WARN__DUPLICATE_METHOD_MATCH = YES;
				COPY_PHASE_STRIP = NO;
				DEBUG_INFORMATION_FORMAT = "dwarf-with-dsym";
				ENABLE_NS_ASSERTIONS = NO;
				ENABLE_STRICT_OBJC_MSGSEND = YES;
				GCC_C_LANGUAGE_STANDARD = gnu11;
				GCC_NO_COMMON_BLOCKS = YES;
				GCC_WARN_64_TO_32_BIT_CONVERSION = YES;
				GCC_WARN_ABOUT_RETURN_TYPE = YES_ERROR;
				GCC_WARN_UNDECLARED_SELECTOR = YES;
				GCC_WARN_UNINITIALIZED_AUTOS = YES_AGGRESSIVE;
				GCC_WARN_UNUSED_FUNCTION = YES;
				GCC_WARN_UNUSED_VARIABLE = YES;
				IPHONEOS_DEPLOYMENT_TARGET = 13.0;
				MTL_ENABLE_DEBUG_INFO = NO;
				MTL_FAST_MATH = YES;
				SDKROOT = iphoneos;
				SWIFT_COMPILATION_MODE = wholemodule;
				SWIFT_OPTIMIZATION_LEVEL = "-O";
				VALIDATE_PRODUCT = YES;
			};
			name = Release;
		};
		6B4F630A2379526C00894001 /* Debug */ = {
			isa = XCBuildConfiguration;
			baseConfigurationReference = 243157F846484746949D4DDC /* Pods-pndemo.debug.xcconfig */;
			buildSettings = {
				ASSETCATALOG_COMPILER_APPICON_NAME = AppIcon;
				CODE_SIGN_ENTITLEMENTS = pndemo/pndemo.entitlements;
				CODE_SIGN_STYLE = Automatic;
				DEVELOPMENT_TEAM = DZDMDYN2AC;
				INFOPLIST_FILE = pndemo/Info.plist;
				LD_RUNPATH_SEARCH_PATHS = (
					"$(inherited)",
					"@executable_path/Frameworks",
				);
				PRODUCT_BUNDLE_IDENTIFIER = com.KevinKuo.pndemo;
				PRODUCT_NAME = "$(TARGET_NAME)";
				SWIFT_VERSION = 5.0;
				TARGETED_DEVICE_FAMILY = "1,2";
			};
			name = Debug;
		};
		6B4F630B2379526C00894001 /* Release */ = {
			isa = XCBuildConfiguration;
			baseConfigurationReference = 5E696246D35D9AFA4F425132 /* Pods-pndemo.release.xcconfig */;
			buildSettings = {
				ASSETCATALOG_COMPILER_APPICON_NAME = AppIcon;
				CODE_SIGN_ENTITLEMENTS = pndemo/pndemo.entitlements;
				CODE_SIGN_STYLE = Automatic;
				DEVELOPMENT_TEAM = DZDMDYN2AC;
				INFOPLIST_FILE = pndemo/Info.plist;
				LD_RUNPATH_SEARCH_PATHS = (
					"$(inherited)",
					"@executable_path/Frameworks",
				);
				PRODUCT_BUNDLE_IDENTIFIER = com.KevinKuo.pndemo;
				PRODUCT_NAME = "$(TARGET_NAME)";
				SWIFT_VERSION = 5.0;
				TARGETED_DEVICE_FAMILY = "1,2";
			};
			name = Release;
		};
		6B4F630D2379526C00894001 /* Debug */ = {
			isa = XCBuildConfiguration;
			baseConfigurationReference = A765AB66640F698EA8171BE4 /* Pods-pndemoTests.debug.xcconfig */;
			buildSettings = {
				ALWAYS_EMBED_SWIFT_STANDARD_LIBRARIES = YES;
				BUNDLE_LOADER = "$(TEST_HOST)";
				CODE_SIGN_STYLE = Automatic;
				DEVELOPMENT_TEAM = DZDMDYN2AC;
				INFOPLIST_FILE = pndemoTests/Info.plist;
				IPHONEOS_DEPLOYMENT_TARGET = 13.0;
				LD_RUNPATH_SEARCH_PATHS = (
					"$(inherited)",
					"@executable_path/Frameworks",
					"@loader_path/Frameworks",
				);
				PRODUCT_BUNDLE_IDENTIFIER = com.KevinKuo.pndemoTests;
				PRODUCT_NAME = "$(TARGET_NAME)";
				SWIFT_VERSION = 5.0;
				TARGETED_DEVICE_FAMILY = "1,2";
				TEST_HOST = "$(BUILT_PRODUCTS_DIR)/pndemo.app/pndemo";
			};
			name = Debug;
		};
		6B4F630E2379526C00894001 /* Release */ = {
			isa = XCBuildConfiguration;
			baseConfigurationReference = 42253EA460FAA1F44F0276FE /* Pods-pndemoTests.release.xcconfig */;
			buildSettings = {
				ALWAYS_EMBED_SWIFT_STANDARD_LIBRARIES = YES;
				BUNDLE_LOADER = "$(TEST_HOST)";
				CODE_SIGN_STYLE = Automatic;
				DEVELOPMENT_TEAM = DZDMDYN2AC;
				INFOPLIST_FILE = pndemoTests/Info.plist;
				IPHONEOS_DEPLOYMENT_TARGET = 13.0;
				LD_RUNPATH_SEARCH_PATHS = (
					"$(inherited)",
					"@executable_path/Frameworks",
					"@loader_path/Frameworks",
				);
				PRODUCT_BUNDLE_IDENTIFIER = com.KevinKuo.pndemoTests;
				PRODUCT_NAME = "$(TARGET_NAME)";
				SWIFT_VERSION = 5.0;
				TARGETED_DEVICE_FAMILY = "1,2";
				TEST_HOST = "$(BUILT_PRODUCTS_DIR)/pndemo.app/pndemo";
			};
			name = Release;
		};
		6B4F63102379526C00894001 /* Debug */ = {
			isa = XCBuildConfiguration;
			baseConfigurationReference = E6EA85C37486A2D70F6E6B9F /* Pods-pndemo-pndemoUITests.debug.xcconfig */;
			buildSettings = {
				ALWAYS_EMBED_SWIFT_STANDARD_LIBRARIES = YES;
				CODE_SIGN_STYLE = Automatic;
				DEVELOPMENT_TEAM = DZDMDYN2AC;
				INFOPLIST_FILE = pndemoUITests/Info.plist;
				LD_RUNPATH_SEARCH_PATHS = (
					"$(inherited)",
					"@executable_path/Frameworks",
					"@loader_path/Frameworks",
				);
				PRODUCT_BUNDLE_IDENTIFIER = com.KevinKuo.pndemoUITests;
				PRODUCT_NAME = "$(TARGET_NAME)";
				SWIFT_VERSION = 5.0;
				TARGETED_DEVICE_FAMILY = "1,2";
				TEST_TARGET_NAME = pndemo;
			};
			name = Debug;
		};
		6B4F63112379526C00894001 /* Release */ = {
			isa = XCBuildConfiguration;
			baseConfigurationReference = C2EC294C484B821A020A4B9A /* Pods-pndemo-pndemoUITests.release.xcconfig */;
			buildSettings = {
				ALWAYS_EMBED_SWIFT_STANDARD_LIBRARIES = YES;
				CODE_SIGN_STYLE = Automatic;
				DEVELOPMENT_TEAM = DZDMDYN2AC;
				INFOPLIST_FILE = pndemoUITests/Info.plist;
				LD_RUNPATH_SEARCH_PATHS = (
					"$(inherited)",
					"@executable_path/Frameworks",
					"@loader_path/Frameworks",
				);
				PRODUCT_BUNDLE_IDENTIFIER = com.KevinKuo.pndemoUITests;
				PRODUCT_NAME = "$(TARGET_NAME)";
				SWIFT_VERSION = 5.0;
				TARGETED_DEVICE_FAMILY = "1,2";
				TEST_TARGET_NAME = pndemo;
			};
			name = Release;
		};
/* End XCBuildConfiguration section */

/* Begin XCConfigurationList section */
		6B4F62DA2379526600894001 /* Build configuration list for PBXProject "pndemo" */ = {
			isa = XCConfigurationList;
			buildConfigurations = (
				6B4F63072379526C00894001 /* Debug */,
				6B4F63082379526C00894001 /* Release */,
			);
			defaultConfigurationIsVisible = 0;
			defaultConfigurationName = Release;
		};
		6B4F63092379526C00894001 /* Build configuration list for PBXNativeTarget "pndemo" */ = {
			isa = XCConfigurationList;
			buildConfigurations = (
				6B4F630A2379526C00894001 /* Debug */,
				6B4F630B2379526C00894001 /* Release */,
			);
			defaultConfigurationIsVisible = 0;
			defaultConfigurationName = Release;
		};
		6B4F630C2379526C00894001 /* Build configuration list for PBXNativeTarget "pndemoTests" */ = {
			isa = XCConfigurationList;
			buildConfigurations = (
				6B4F630D2379526C00894001 /* Debug */,
				6B4F630E2379526C00894001 /* Release */,
			);
			defaultConfigurationIsVisible = 0;
			defaultConfigurationName = Release;
		};
		6B4F630F2379526C00894001 /* Build configuration list for PBXNativeTarget "pndemoUITests" */ = {
			isa = XCConfigurationList;
			buildConfigurations = (
				6B4F63102379526C00894001 /* Debug */,
				6B4F63112379526C00894001 /* Release */,
			);
			defaultConfigurationIsVisible = 0;
			defaultConfigurationName = Release;
		};
/* End XCConfigurationList section */
	};
	rootObject = 6B4F62D72379526600894001 /* Project object */;
}
